
Microsoft Visual Studio Solution File, Format Version 12.00
# Visual Studio 15
VisualStudioVersion = 15.0.27703.2018
MinimumVisualStudioVersion = 10.0.40219.1
Project("{9A19103F-16F7-4668-BE54-9A1E7A4F7556}") = "LRO24.REST.Client", "LRO24.REST.Client.csproj", "{055F759B-DED2-4EBA-A973-00F6AFD54D16}"
EndProject
Global
	GlobalSection(SolutionConfigurationPlatforms) = preSolution
		Debug|Any CPU = Debug|Any CPU
		Release|Any CPU = Release|Any CPU
	EndGlobalSection
	GlobalSection(ProjectConfigurationPlatforms) = postSolution
		{055F759B-DED2-4EBA-A973-00F6AFD54D16}.Debug|Any CPU.ActiveCfg = Debug|Any CPU
		{055F759B-DED2-4EBA-A973-00F6AFD54D16}.Debug|Any CPU.Build.0 = Debug|Any CPU
		{055F759B-DED2-4EBA-A973-00F6AFD54D16}.Release|Any CPU.ActiveCfg = Release|Any CPU
		{055F759B-DED2-4EBA-A973-00F6AFD54D16}.Release|Any CPU.Build.0 = Release|Any CPU
	EndGlobalSection
	GlobalSection(SolutionProperties) = preSolution
		HideSolutionNode = FALSE
	EndGlobalSection
	GlobalSection(ExtensibilityGlobals) = postSolution
		SolutionGuid = {AF2F8682-9BAD-411E-891D-DA2092312C0E}
	EndGlobalSection
EndGlobal
